// !$*UTF8*$!
{
	archiveVersion = 1;
	classes = {
	};
	objectVersion = 55;
	objects = {

/* Begin PBXBuildFile section */
		CE1F4F0727B44E1700EF3302 /* AppDelegate.swift in Sources */ = {isa = PBXBuildFile; fileRef = CE1F4F0627B44E1700EF3302 /* AppDelegate.swift */; };
		CE1F4F0927B44E1700EF3302 /* SceneDelegate.swift in Sources */ = {isa = PBXBuildFile; fileRef = CE1F4F0827B44E1700EF3302 /* SceneDelegate.swift */; };
		CE1F4F0B27B44E1700EF3302 /* StartViewController.swift in Sources */ = {isa = PBXBuildFile; fileRef = CE1F4F0A27B44E1700EF3302 /* StartViewController.swift */; };
		CE1F4F0E27B44E1700EF3302 /* Main.storyboard in Resources */ = {isa = PBXBuildFile; fileRef = CE1F4F0C27B44E1700EF3302 /* Main.storyboard */; };
		CE1F4F1027B44E1900EF3302 /* Assets.xcassets in Resources */ = {isa = PBXBuildFile; fileRef = CE1F4F0F27B44E1900EF3302 /* Assets.xcassets */; };
		CE1F4F1327B44E1900EF3302 /* LaunchScreen.storyboard in Resources */ = {isa = PBXBuildFile; fileRef = CE1F4F1127B44E1900EF3302 /* LaunchScreen.storyboard */; };
		CE1F4F1C27B451DB00EF3302 /* Film.swift in Sources */ = {isa = PBXBuildFile; fileRef = CE1F4F1B27B451DB00EF3302 /* Film.swift */; };
		CE1F4F1E27B4520F00EF3302 /* News.swift in Sources */ = {isa = PBXBuildFile; fileRef = CE1F4F1D27B4520F00EF3302 /* News.swift */; };
		CE1F4F2027B4522D00EF3302 /* Cinema.swift in Sources */ = {isa = PBXBuildFile; fileRef = CE1F4F1F27B4522D00EF3302 /* Cinema.swift */; };
		CE1F4F2327B4526300EF3302 /* DataManager.swift in Sources */ = {isa = PBXBuildFile; fileRef = CE1F4F2227B4526300EF3302 /* DataManager.swift */; };
		CE1F4F2927B5B9A300EF3302 /* NewsTableViewCell.swift in Sources */ = {isa = PBXBuildFile; fileRef = CE1F4F2827B5B9A300EF3302 /* NewsTableViewCell.swift */; };
		CE1F4F2B27B98C4400EF3302 /* DescriptionFilmViewController.swift in Sources */ = {isa = PBXBuildFile; fileRef = CE1F4F2A27B98C4400EF3302 /* DescriptionFilmViewController.swift */; };
		CE1F4F3527BACAE800EF3302 /* CoverCollectionViewCell.swift in Sources */ = {isa = PBXBuildFile; fileRef = CE1F4F3327BACAE800EF3302 /* CoverCollectionViewCell.swift */; };
		CE1F4F3627BACAE800EF3302 /* CoverCollectionViewCell.xib in Resources */ = {isa = PBXBuildFile; fileRef = CE1F4F3427BACAE800EF3302 /* CoverCollectionViewCell.xib */; };
		CE44E2E327BC2F34008F77FD /* ScoreViewController.swift in Sources */ = {isa = PBXBuildFile; fileRef = CE44E2E227BC2F34008F77FD /* ScoreViewController.swift */; };
		CE44E2E727BD2750008F77FD /* ReviewsViewController.swift in Sources */ = {isa = PBXBuildFile; fileRef = CE44E2E627BD2750008F77FD /* ReviewsViewController.swift */; };
		CE44E2E927BD2BEF008F77FD /* WriteReviewViewController.swift in Sources */ = {isa = PBXBuildFile; fileRef = CE44E2E827BD2BEF008F77FD /* WriteReviewViewController.swift */; };
		CE44E2EB27BD6756008F77FD /* ReviewDescriptionViewController.swift in Sources */ = {isa = PBXBuildFile; fileRef = CE44E2EA27BD6756008F77FD /* ReviewDescriptionViewController.swift */; };
		CE44E2ED27BD7D20008F77FD /* NewsDescriptionViewController.swift in Sources */ = {isa = PBXBuildFile; fileRef = CE44E2EC27BD7D20008F77FD /* NewsDescriptionViewController.swift */; };
/* End PBXBuildFile section */

/* Begin PBXFileReference section */
		CE1F4F0327B44E1700EF3302 /* Artem-Alexey.app */ = {isa = PBXFileReference; explicitFileType = wrapper.application; includeInIndex = 0; path = "Artem-Alexey.app"; sourceTree = BUILT_PRODUCTS_DIR; };
		CE1F4F0627B44E1700EF3302 /* AppDelegate.swift */ = {isa = PBXFileReference; lastKnownFileType = sourcecode.swift; path = AppDelegate.swift; sourceTree = "<group>"; };
		CE1F4F0827B44E1700EF3302 /* SceneDelegate.swift */ = {isa = PBXFileReference; lastKnownFileType = sourcecode.swift; path = SceneDelegate.swift; sourceTree = "<group>"; };
		CE1F4F0A27B44E1700EF3302 /* StartViewController.swift */ = {isa = PBXFileReference; lastKnownFileType = sourcecode.swift; path = StartViewController.swift; sourceTree = "<group>"; };
		CE1F4F0D27B44E1700EF3302 /* Base */ = {isa = PBXFileReference; lastKnownFileType = file.storyboard; name = Base; path = Base.lproj/Main.storyboard; sourceTree = "<group>"; };
		CE1F4F0F27B44E1900EF3302 /* Assets.xcassets */ = {isa = PBXFileReference; lastKnownFileType = folder.assetcatalog; path = Assets.xcassets; sourceTree = "<group>"; };
		CE1F4F1227B44E1900EF3302 /* Base */ = {isa = PBXFileReference; lastKnownFileType = file.storyboard; name = Base; path = Base.lproj/LaunchScreen.storyboard; sourceTree = "<group>"; };
		CE1F4F1427B44E1900EF3302 /* Info.plist */ = {isa = PBXFileReference; lastKnownFileType = text.plist.xml; path = Info.plist; sourceTree = "<group>"; };
		CE1F4F1B27B451DB00EF3302 /* Film.swift */ = {isa = PBXFileReference; lastKnownFileType = sourcecode.swift; path = Film.swift; sourceTree = "<group>"; };
		CE1F4F1D27B4520F00EF3302 /* News.swift */ = {isa = PBXFileReference; lastKnownFileType = sourcecode.swift; path = News.swift; sourceTree = "<group>"; };
		CE1F4F1F27B4522D00EF3302 /* Cinema.swift */ = {isa = PBXFileReference; lastKnownFileType = sourcecode.swift; path = Cinema.swift; sourceTree = "<group>"; };
		CE1F4F2227B4526300EF3302 /* DataManager.swift */ = {isa = PBXFileReference; lastKnownFileType = sourcecode.swift; path = DataManager.swift; sourceTree = "<group>"; };
		CE1F4F2827B5B9A300EF3302 /* NewsTableViewCell.swift */ = {isa = PBXFileReference; lastKnownFileType = sourcecode.swift; path = NewsTableViewCell.swift; sourceTree = "<group>"; };
		CE1F4F2A27B98C4400EF3302 /* DescriptionFilmViewController.swift */ = {isa = PBXFileReference; lastKnownFileType = sourcecode.swift; path = DescriptionFilmViewController.swift; sourceTree = "<group>"; };
		CE1F4F3327BACAE800EF3302 /* CoverCollectionViewCell.swift */ = {isa = PBXFileReference; lastKnownFileType = sourcecode.swift; path = CoverCollectionViewCell.swift; sourceTree = "<group>"; };
		CE1F4F3427BACAE800EF3302 /* CoverCollectionViewCell.xib */ = {isa = PBXFileReference; lastKnownFileType = file.xib; path = CoverCollectionViewCell.xib; sourceTree = "<group>"; };
		CE44E2E227BC2F34008F77FD /* ScoreViewController.swift */ = {isa = PBXFileReference; lastKnownFileType = sourcecode.swift; path = ScoreViewController.swift; sourceTree = "<group>"; };
		CE44E2E627BD2750008F77FD /* ReviewsViewController.swift */ = {isa = PBXFileReference; lastKnownFileType = sourcecode.swift; path = ReviewsViewController.swift; sourceTree = "<group>"; };
		CE44E2E827BD2BEF008F77FD /* WriteReviewViewController.swift */ = {isa = PBXFileReference; lastKnownFileType = sourcecode.swift; path = WriteReviewViewController.swift; sourceTree = "<group>"; };
		CE44E2EA27BD6756008F77FD /* ReviewDescriptionViewController.swift */ = {isa = PBXFileReference; lastKnownFileType = sourcecode.swift; path = ReviewDescriptionViewController.swift; sourceTree = "<group>"; };
		CE44E2EC27BD7D20008F77FD /* NewsDescriptionViewController.swift */ = {isa = PBXFileReference; lastKnownFileType = sourcecode.swift; path = NewsDescriptionViewController.swift; sourceTree = "<group>"; };
/* End PBXFileReference section */

/* Begin PBXFrameworksBuildPhase section */
		CE1F4F0027B44E1700EF3302 /* Frameworks */ = {
			isa = PBXFrameworksBuildPhase;
			buildActionMask = 2147483647;
			files = (
			);
			runOnlyForDeploymentPostprocessing = 0;
		};
/* End PBXFrameworksBuildPhase section */

/* Begin PBXGroup section */
		CE1F4EFA27B44E1700EF3302 = {
			isa = PBXGroup;
			children = (
				CE1F4F0527B44E1700EF3302 /* Artem-Alexey */,
				CE1F4F0427B44E1700EF3302 /* Products */,
			);
			sourceTree = "<group>";
		};
		CE1F4F0427B44E1700EF3302 /* Products */ = {
			isa = PBXGroup;
			children = (
				CE1F4F0327B44E1700EF3302 /* Artem-Alexey.app */,
			);
			name = Products;
			sourceTree = "<group>";
		};
		CE1F4F0527B44E1700EF3302 /* Artem-Alexey */ = {
			isa = PBXGroup;
			children = (
				CE1F4F2E27BA16AC00EF3302 /* View */,
				CE1F4F2127B4524900EF3302 /* StorageData */,
				CE1F4F1A27B44F3100EF3302 /* Models */,
				CE1F4F2727B4532300EF3302 /* ViewControllers */,
				CE1F4F2527B452CD00EF3302 /* Storyboard */,
				CE1F4F2427B452B800EF3302 /* Services */,
				CE1F4F2627B452EE00EF3302 /* App */,
			);
			path = "Artem-Alexey";
			sourceTree = "<group>";
		};
		CE1F4F1A27B44F3100EF3302 /* Models */ = {
			isa = PBXGroup;
			children = (
				CE1F4F1B27B451DB00EF3302 /* Film.swift */,
				CE1F4F1F27B4522D00EF3302 /* Cinema.swift */,
				CE1F4F1D27B4520F00EF3302 /* News.swift */,
			);
			path = Models;
			sourceTree = "<group>";
		};
		CE1F4F2127B4524900EF3302 /* StorageData */ = {
			isa = PBXGroup;
			children = (
				CE1F4F2227B4526300EF3302 /* DataManager.swift */,
			);
			path = StorageData;
			sourceTree = "<group>";
		};
		CE1F4F2427B452B800EF3302 /* Services */ = {
			isa = PBXGroup;
			children = (
				CE1F4F0F27B44E1900EF3302 /* Assets.xcassets */,
			);
			name = Services;
			sourceTree = "<group>";
		};
		CE1F4F2527B452CD00EF3302 /* Storyboard */ = {
			isa = PBXGroup;
			children = (
				CE1F4F0C27B44E1700EF3302 /* Main.storyboard */,
				CE1F4F1127B44E1900EF3302 /* LaunchScreen.storyboard */,
			);
			path = Storyboard;
			sourceTree = "<group>";
		};
		CE1F4F2627B452EE00EF3302 /* App */ = {
			isa = PBXGroup;
			children = (
				CE1F4F0627B44E1700EF3302 /* AppDelegate.swift */,
				CE1F4F0827B44E1700EF3302 /* SceneDelegate.swift */,
				CE1F4F1427B44E1900EF3302 /* Info.plist */,
			);
			name = App;
			sourceTree = "<group>";
		};
		CE1F4F2727B4532300EF3302 /* ViewControllers */ = {
			isa = PBXGroup;
			children = (
				CE1F4F0A27B44E1700EF3302 /* StartViewController.swift */,
				CE44E2E627BD2750008F77FD /* ReviewsViewController.swift */,
				CE44E2E827BD2BEF008F77FD /* WriteReviewViewController.swift */,
				CE44E2EA27BD6756008F77FD /* ReviewDescriptionViewController.swift */,
				CE44E2E227BC2F34008F77FD /* ScoreViewController.swift */,
				CE1F4F2A27B98C4400EF3302 /* DescriptionFilmViewController.swift */,
				CE44E2EC27BD7D20008F77FD /* NewsDescriptionViewController.swift */,
			);
			name = ViewControllers;
			sourceTree = "<group>";
		};
		CE1F4F2E27BA16AC00EF3302 /* View */ = {
			isa = PBXGroup;
			children = (
				CE1F4F2827B5B9A300EF3302 /* NewsTableViewCell.swift */,
				CE1F4F3327BACAE800EF3302 /* CoverCollectionViewCell.swift */,
				CE1F4F3427BACAE800EF3302 /* CoverCollectionViewCell.xib */,
			);
			path = View;
			sourceTree = "<group>";
		};
/* End PBXGroup section */

/* Begin PBXNativeTarget section */
		CE1F4F0227B44E1700EF3302 /* Artem-Alexey */ = {
			isa = PBXNativeTarget;
			buildConfigurationList = CE1F4F1727B44E1900EF3302 /* Build configuration list for PBXNativeTarget "Artem-Alexey" */;
			buildPhases = (
				CE1F4EFF27B44E1700EF3302 /* Sources */,
				CE1F4F0027B44E1700EF3302 /* Frameworks */,
				CE1F4F0127B44E1700EF3302 /* Resources */,
			);
			buildRules = (
			);
			dependencies = (
			);
			name = "Artem-Alexey";
			productName = "Artem-Alexey";
			productReference = CE1F4F0327B44E1700EF3302 /* Artem-Alexey.app */;
			productType = "com.apple.product-type.application";
		};
/* End PBXNativeTarget section */

/* Begin PBXProject section */
		CE1F4EFB27B44E1700EF3302 /* Project object */ = {
			isa = PBXProject;
			attributes = {
				BuildIndependentTargetsInParallel = 1;
				LastSwiftUpdateCheck = 1310;
				LastUpgradeCheck = 1310;
				TargetAttributes = {
					CE1F4F0227B44E1700EF3302 = {
						CreatedOnToolsVersion = 13.1;
					};
				};
			};
			buildConfigurationList = CE1F4EFE27B44E1700EF3302 /* Build configuration list for PBXProject "Artem-Alexey" */;
			compatibilityVersion = "Xcode 13.0";
			developmentRegion = en;
			hasScannedForEncodings = 0;
			knownRegions = (
				en,
				Base,
			);
			mainGroup = CE1F4EFA27B44E1700EF3302;
			productRefGroup = CE1F4F0427B44E1700EF3302 /* Products */;
			projectDirPath = "";
			projectRoot = "";
			targets = (
				CE1F4F0227B44E1700EF3302 /* Artem-Alexey */,
			);
		};
/* End PBXProject section */

/* Begin PBXResourcesBuildPhase section */
		CE1F4F0127B44E1700EF3302 /* Resources */ = {
			isa = PBXResourcesBuildPhase;
			buildActionMask = 2147483647;
			files = (
				CE1F4F1327B44E1900EF3302 /* LaunchScreen.storyboard in Resources */,
				CE1F4F1027B44E1900EF3302 /* Assets.xcassets in Resources */,
				CE1F4F3627BACAE800EF3302 /* CoverCollectionViewCell.xib in Resources */,
				CE1F4F0E27B44E1700EF3302 /* Main.storyboard in Resources */,
			);
			runOnlyForDeploymentPostprocessing = 0;
		};
/* End PBXResourcesBuildPhase section */

/* Begin PBXSourcesBuildPhase section */
		CE1F4EFF27B44E1700EF3302 /* Sources */ = {
			isa = PBXSourcesBuildPhase;
			buildActionMask = 2147483647;
			files = (
				CE1F4F2B27B98C4400EF3302 /* DescriptionFilmViewController.swift in Sources */,
				CE44E2E927BD2BEF008F77FD /* WriteReviewViewController.swift in Sources */,
				CE44E2E327BC2F34008F77FD /* ScoreViewController.swift in Sources */,
				CE1F4F2027B4522D00EF3302 /* Cinema.swift in Sources */,
				CE44E2EB27BD6756008F77FD /* ReviewDescriptionViewController.swift in Sources */,
				CE1F4F3527BACAE800EF3302 /* CoverCollectionViewCell.swift in Sources */,
				CE44E2ED27BD7D20008F77FD /* NewsDescriptionViewController.swift in Sources */,
				CE1F4F0B27B44E1700EF3302 /* StartViewController.swift in Sources */,
				CE1F4F2927B5B9A300EF3302 /* NewsTableViewCell.swift in Sources */,
				CE1F4F1C27B451DB00EF3302 /* Film.swift in Sources */,
				CE1F4F2327B4526300EF3302 /* DataManager.swift in Sources */,
				CE1F4F0727B44E1700EF3302 /* AppDelegate.swift in Sources */,
				CE1F4F1E27B4520F00EF3302 /* News.swift in Sources */,
				CE44E2E727BD2750008F77FD /* ReviewsViewController.swift in Sources */,
				CE1F4F0927B44E1700EF3302 /* SceneDelegate.swift in Sources */,
			);
			runOnlyForDeploymentPostprocessing = 0;
		};
/* End PBXSourcesBuildPhase section */

/* Begin PBXVariantGroup section */
		CE1F4F0C27B44E1700EF3302 /* Main.storyboard */ = {
			isa = PBXVariantGroup;
			children = (
				CE1F4F0D27B44E1700EF3302 /* Base */,
			);
			name = Main.storyboard;
			sourceTree = "<group>";
		};
		CE1F4F1127B44E1900EF3302 /* LaunchScreen.storyboard */ = {
			isa = PBXVariantGroup;
			children = (
				CE1F4F1227B44E1900EF3302 /* Base */,
			);
			name = LaunchScreen.storyboard;
			sourceTree = "<group>";
		};
/* End PBXVariantGroup section */

/* Begin XCBuildConfiguration section */
		CE1F4F1527B44E1900EF3302 /* Debug */ = {
			isa = XCBuildConfiguration;
			buildSettings = {
				ALWAYS_SEARCH_USER_PATHS = NO;
				CLANG_ANALYZER_NONNULL = YES;
				CLANG_ANALYZER_NUMBER_OBJECT_CONVERSION = YES_AGGRESSIVE;
				CLANG_CXX_LANGUAGE_STANDARD = "gnu++17";
				CLANG_CXX_LIBRARY = "libc++";
				CLANG_ENABLE_MODULES = YES;
				CLANG_ENABLE_OBJC_ARC = YES;
				CLANG_ENABLE_OBJC_WEAK = YES;
				CLANG_WARN_BLOCK_CAPTURE_AUTORELEASING = YES;
				CLANG_WARN_BOOL_CONVERSION = YES;
				CLANG_WARN_COMMA = YES;
				CLANG_WARN_CONSTANT_CONVERSION = YES;
				CLANG_WARN_DEPRECATED_OBJC_IMPLEMENTATIONS = YES;
				CLANG_WARN_DIRECT_OBJC_ISA_USAGE = YES_ERROR;
				CLANG_WARN_DOCUMENTATION_COMMENTS = YES;
				CLANG_WARN_EMPTY_BODY = YES;
				CLANG_WARN_ENUM_CONVERSION = YES;
				CLANG_WARN_INFINITE_RECURSION = YES;
				CLANG_WARN_INT_CONVERSION = YES;
				CLANG_WARN_NON_LITERAL_NULL_CONVERSION = YES;
				CLANG_WARN_OBJC_IMPLICIT_RETAIN_SELF = YES;
				CLANG_WARN_OBJC_LITERAL_CONVERSION = YES;
				CLANG_WARN_OBJC_ROOT_CLASS = YES_ERROR;
				CLANG_WARN_QUOTED_INCLUDE_IN_FRAMEWORK_HEADER = YES;
				CLANG_WARN_RANGE_LOOP_ANALYSIS = YES;
				CLANG_WARN_STRICT_PROTOTYPES = YES;
				CLANG_WARN_SUSPICIOUS_MOVE = YES;
				CLANG_WARN_UNGUARDED_AVAILABILITY = YES_AGGRESSIVE;
				CLANG_WARN_UNREACHABLE_CODE = YES;
				CLANG_WARN__DUPLICATE_METHOD_MATCH = YES;
				COPY_PHASE_STRIP = NO;
				DEBUG_INFORMATION_FORMAT = dwarf;
				ENABLE_STRICT_OBJC_MSGSEND = YES;
				ENABLE_TESTABILITY = YES;
				GCC_C_LANGUAGE_STANDARD = gnu11;
				GCC_DYNAMIC_NO_PIC = NO;
				GCC_NO_COMMON_BLOCKS = YES;
				GCC_OPTIMIZATION_LEVEL = 0;
				GCC_PREPROCESSOR_DEFINITIONS = (
					"DEBUG=1",
					"$(inherited)",
				);
				GCC_WARN_64_TO_32_BIT_CONVERSION = YES;
				GCC_WARN_ABOUT_RETURN_TYPE = YES_ERROR;
				GCC_WARN_UNDECLARED_SELECTOR = YES;
				GCC_WARN_UNINITIALIZED_AUTOS = YES_AGGRESSIVE;
				GCC_WARN_UNUSED_FUNCTION = YES;
				GCC_WARN_UNUSED_VARIABLE = YES;
				IPHONEOS_DEPLOYMENT_TARGET = 15.0;
				MTL_ENABLE_DEBUG_INFO = INCLUDE_SOURCE;
				MTL_FAST_MATH = YES;
				ONLY_ACTIVE_ARCH = YES;
				SDKROOT = iphoneos;
				SWIFT_ACTIVE_COMPILATION_CONDITIONS = DEBUG;
				SWIFT_OPTIMIZATION_LEVEL = "-Onone";
			};
			name = Debug;
		};
		CE1F4F1627B44E1900EF3302 /* Release */ = {
			isa = XCBuildConfiguration;
			buildSettings = {
				ALWAYS_SEARCH_USER_PATHS = NO;
				CLANG_ANALYZER_NONNULL = YES;
				CLANG_ANALYZER_NUMBER_OBJECT_CONVERSION = YES_AGGRESSIVE;
				CLANG_CXX_LANGUAGE_STANDARD = "gnu++17";
				CLANG_CXX_LIBRARY = "libc++";
				CLANG_ENABLE_MODULES = YES;
				CLANG_ENABLE_OBJC_ARC = YES;
				CLANG_ENABLE_OBJC_WEAK = YES;
				CLANG_WARN_BLOCK_CAPTURE_AUTORELEASING = YES;
				CLANG_WARN_BOOL_CONVERSION = YES;
				CLANG_WARN_COMMA = YES;
				CLANG_WARN_CONSTANT_CONVERSION = YES;
				CLANG_WARN_DEPRECATED_OBJC_IMPLEMENTATIONS = YES;
				CLANG_WARN_DIRECT_OBJC_ISA_USAGE = YES_ERROR;
				CLANG_WARN_DOCUMENTATION_COMMENTS = YES;
				CLANG_WARN_EMPTY_BODY = YES;
				CLANG_WARN_ENUM_CONVERSION = YES;
				CLANG_WARN_INFINITE_RECURSION = YES;
				CLANG_WARN_INT_CONVERSION = YES;
				CLANG_WARN_NON_LITERAL_NULL_CONVERSION = YES;
				CLANG_WARN_OBJC_IMPLICIT_RETAIN_SELF = YES;
				CLANG_WARN_OBJC_LITERAL_CONVERSION = YES;
				CLANG_WARN_OBJC_ROOT_CLASS = YES_ERROR;
				CLANG_WARN_QUOTED_INCLUDE_IN_FRAMEWORK_HEADER = YES;
				CLANG_WARN_RANGE_LOOP_ANALYSIS = YES;
				CLANG_WARN_STRICT_PROTOTYPES = YES;
				CLANG_WARN_SUSPICIOUS_MOVE = YES;
				CLANG_WARN_UNGUARDED_AVAILABILITY = YES_AGGRESSIVE;
				CLANG_WARN_UNREACHABLE_CODE = YES;
				CLANG_WARN__DUPLICATE_METHOD_MATCH = YES;
				COPY_PHASE_STRIP = NO;
				DEBUG_INFORMATION_FORMAT = "dwarf-with-dsym";
				ENABLE_NS_ASSERTIONS = NO;
				ENABLE_STRICT_OBJC_MSGSEND = YES;
				GCC_C_LANGUAGE_STANDARD = gnu11;
				GCC_NO_COMMON_BLOCKS = YES;
				GCC_WARN_64_TO_32_BIT_CONVERSION = YES;
				GCC_WARN_ABOUT_RETURN_TYPE = YES_ERROR;
				GCC_WARN_UNDECLARED_SELECTOR = YES;
				GCC_WARN_UNINITIALIZED_AUTOS = YES_AGGRESSIVE;
				GCC_WARN_UNUSED_FUNCTION = YES;
				GCC_WARN_UNUSED_VARIABLE = YES;
				IPHONEOS_DEPLOYMENT_TARGET = 15.0;
				MTL_ENABLE_DEBUG_INFO = NO;
				MTL_FAST_MATH = YES;
				SDKROOT = iphoneos;
				SWIFT_COMPILATION_MODE = wholemodule;
				SWIFT_OPTIMIZATION_LEVEL = "-O";
				VALIDATE_PRODUCT = YES;
			};
			name = Release;
		};
		CE1F4F1827B44E1900EF3302 /* Debug */ = {
			isa = XCBuildConfiguration;
			buildSettings = {
				ASSETCATALOG_COMPILER_APPICON_NAME = AppIcon;
				ASSETCATALOG_COMPILER_GLOBAL_ACCENT_COLOR_NAME = AccentColor;
				CODE_SIGN_STYLE = Automatic;
				CURRENT_PROJECT_VERSION = 1;
				GENERATE_INFOPLIST_FILE = YES;
				INFOPLIST_FILE = "Artem-Alexey/Info.plist";
				INFOPLIST_KEY_UIApplicationSupportsIndirectInputEvents = YES;
				INFOPLIST_KEY_UILaunchStoryboardName = LaunchScreen;
				INFOPLIST_KEY_UIMainStoryboardFile = Main;
				INFOPLIST_KEY_UISupportedInterfaceOrientations_iPad = "UIInterfaceOrientationPortrait UIInterfaceOrientationPortraitUpsideDown UIInterfaceOrientationLandscapeLeft UIInterfaceOrientationLandscapeRight";
				INFOPLIST_KEY_UISupportedInterfaceOrientations_iPhone = "UIInterfaceOrientationPortrait UIInterfaceOrientationLandscapeLeft UIInterfaceOrientationLandscapeRight";
				LD_RUNPATH_SEARCH_PATHS = (
					"$(inherited)",
					"@executable_path/Frameworks",
				);
				MARKETING_VERSION = 1.0;
				PRODUCT_BUNDLE_IDENTIFIER = "AlexeyBychinin.Artem-Alexey";
				PRODUCT_NAME = "$(TARGET_NAME)";
				SWIFT_EMIT_LOC_STRINGS = YES;
				SWIFT_VERSION = 5.0;
				TARGETED_DEVICE_FAMILY = "1,2";
			};
			name = Debug;
		};
		CE1F4F1927B44E1900EF3302 /* Release */ = {
			isa = XCBuildConfiguration;
			buildSettings = {
				ASSETCATALOG_COMPILER_APPICON_NAME = AppIcon;
				ASSETCATALOG_COMPILER_GLOBAL_ACCENT_COLOR_NAME = AccentColor;
				CODE_SIGN_STYLE = Automatic;
				CURRENT_PROJECT_VERSION = 1;
				GENERATE_INFOPLIST_FILE = YES;
				INFOPLIST_FILE = "Artem-Alexey/Info.plist";
				INFOPLIST_KEY_UIApplicationSupportsIndirectInputEvents = YES;
				INFOPLIST_KEY_UILaunchStoryboardName = LaunchScreen;
				INFOPLIST_KEY_UIMainStoryboardFile = Main;
				INFOPLIST_KEY_UISupportedInterfaceOrientations_iPad = "UIInterfaceOrientationPortrait UIInterfaceOrientationPortraitUpsideDown UIInterfaceOrientationLandscapeLeft UIInterfaceOrientationLandscapeRight";
				INFOPLIST_KEY_UISupportedInterfaceOrientations_iPhone = "UIInterfaceOrientationPortrait UIInterfaceOrientationLandscapeLeft UIInterfaceOrientationLandscapeRight";
				LD_RUNPATH_SEARCH_PATHS = (
					"$(inherited)",
					"@executable_path/Frameworks",
				);
				MARKETING_VERSION = 1.0;
				PRODUCT_BUNDLE_IDENTIFIER = "AlexeyBychinin.Artem-Alexey";
				PRODUCT_NAME = "$(TARGET_NAME)";
				SWIFT_EMIT_LOC_STRINGS = YES;
				SWIFT_VERSION = 5.0;
				TARGETED_DEVICE_FAMILY = "1,2";
			};
			name = Release;
		};
/* End XCBuildConfiguration section */

/* Begin XCConfigurationList section */
		CE1F4EFE27B44E1700EF3302 /* Build configuration list for PBXProject "Artem-Alexey" */ = {
			isa = XCConfigurationList;
			buildConfigurations = (
				CE1F4F1527B44E1900EF3302 /* Debug */,
				CE1F4F1627B44E1900EF3302 /* Release */,
			);
			defaultConfigurationIsVisible = 0;
			defaultConfigurationName = Release;
		};
		CE1F4F1727B44E1900EF3302 /* Build configuration list for PBXNativeTarget "Artem-Alexey" */ = {
			isa = XCConfigurationList;
			buildConfigurations = (
				CE1F4F1827B44E1900EF3302 /* Debug */,
				CE1F4F1927B44E1900EF3302 /* Release */,
			);
			defaultConfigurationIsVisible = 0;
			defaultConfigurationName = Release;
		};
/* End XCConfigurationList section */
	};
	rootObject = CE1F4EFB27B44E1700EF3302 /* Project object */;
}
